
Microsoft Visual Studio Solution File, Format Version 12.00
# Visual Studio Version 17
VisualStudioVersion = 17.0.31903.59
MinimumVisualStudioVersion = 10.0.40219.1
Project("{FAE04EC0-301F-11D3-BF4B-00C04F79EFBC}") = "FinancialManager.Domain", "FinancialManager.Domain\FinancialManager.Domain.csproj", "{308DD11D-C976-4DDB-8A16-9D11437176A8}"
EndProject
Project("{FAE04EC0-301F-11D3-BF4B-00C04F79EFBC}") = "FinancialManager.Infrastructure", "FinancialManager.Infrastructure\FinancialManager.Infrastructure.csproj", "{E6254F56-F589-4771-8452-CCD7F6740396}"
EndProject
Project("{FAE04EC0-301F-11D3-BF4B-00C04F79EFBC}") = "FinancialManager.Application", "FinancialManager.Application\FinancialManager.Application.csproj", "{1648B152-2C59-4FC5-AE2F-F60392F457D0}"
EndProject
Project("{FAE04EC0-301F-11D3-BF4B-00C04F79EFBC}") = "FinancialManager.Presentation", "FinancialManager.Presentation\FinancialManager.Presentation.csproj", "{60370CB6-5C4E-4883-911A-A69A0E011CE9}"
EndProject
Global
	GlobalSection(SolutionConfigurationPlatforms) = preSolution
		Debug|Any CPU = Debug|Any CPU
		Release|Any CPU = Release|Any CPU
	EndGlobalSection
	GlobalSection(SolutionProperties) = preSolution
		HideSolutionNode = FALSE
	EndGlobalSection
	GlobalSection(ProjectConfigurationPlatforms) = postSolution
		{308DD11D-C976-4DDB-8A16-9D11437176A8}.Debug|Any CPU.ActiveCfg = Debug|Any CPU
		{308DD11D-C976-4DDB-8A16-9D11437176A8}.Debug|Any CPU.Build.0 = Debug|Any CPU
		{308DD11D-C976-4DDB-8A16-9D11437176A8}.Release|Any CPU.ActiveCfg = Release|Any CPU
		{308DD11D-C976-4DDB-8A16-9D11437176A8}.Release|Any CPU.Build.0 = Release|Any CPU
		{E6254F56-F589-4771-8452-CCD7F6740396}.Debug|Any CPU.ActiveCfg = Debug|Any CPU
		{E6254F56-F589-4771-8452-CCD7F6740396}.Debug|Any CPU.Build.0 = Debug|Any CPU
		{E6254F56-F589-4771-8452-CCD7F6740396}.Release|Any CPU.ActiveCfg = Release|Any CPU
		{E6254F56-F589-4771-8452-CCD7F6740396}.Release|Any CPU.Build.0 = Release|Any CPU
		{1648B152-2C59-4FC5-AE2F-F60392F457D0}.Debug|Any CPU.ActiveCfg = Debug|Any CPU
		{1648B152-2C59-4FC5-AE2F-F60392F457D0}.Debug|Any CPU.Build.0 = Debug|Any CPU
		{1648B152-2C59-4FC5-AE2F-F60392F457D0}.Release|Any CPU.ActiveCfg = Release|Any CPU
		{1648B152-2C59-4FC5-AE2F-F60392F457D0}.Release|Any CPU.Build.0 = Release|Any CPU
		{60370CB6-5C4E-4883-911A-A69A0E011CE9}.Debug|Any CPU.ActiveCfg = Debug|Any CPU
		{60370CB6-5C4E-4883-911A-A69A0E011CE9}.Debug|Any CPU.Build.0 = Debug|Any CPU
		{60370CB6-5C4E-4883-911A-A69A0E011CE9}.Release|Any CPU.ActiveCfg = Release|Any CPU
		{60370CB6-5C4E-4883-911A-A69A0E011CE9}.Release|Any CPU.Build.0 = Release|Any CPU
	EndGlobalSection
EndGlobal
